
Microsoft Visual Studio Solution File, Format Version 12.00
# Visual Studio Version 17
VisualStudioVersion = 17.5.002.0
MinimumVisualStudioVersion = 10.0.40219.1
Project("{9A19103F-16F7-4668-BE54-9A1E7A4F7556}") = "Sleepopolis", "Sleepopolis.csproj", "{F33B892C-4306-496F-A22A-12A86C4C8738}"
EndProject
Global
	GlobalSection(SolutionConfigurationPlatforms) = preSolution
		Debug|Any CPU = Debug|Any CPU
		Release|Any CPU = Release|Any CPU
	EndGlobalSection
	GlobalSection(ProjectConfigurationPlatforms) = postSolution
		{F33B892C-4306-496F-A22A-12A86C4C8738}.Debug|Any CPU.ActiveCfg = Debug|Any CPU
		{F33B892C-4306-496F-A22A-12A86C4C8738}.Debug|Any CPU.Build.0 = Debug|Any CPU
		{F33B892C-4306-496F-A22A-12A86C4C8738}.Release|Any CPU.ActiveCfg = Release|Any CPU
		{F33B892C-4306-496F-A22A-12A86C4C8738}.Release|Any CPU.Build.0 = Release|Any CPU
	EndGlobalSection
	GlobalSection(SolutionProperties) = preSolution
		HideSolutionNode = FALSE
	EndGlobalSection
	GlobalSection(ExtensibilityGlobals) = postSolution
		SolutionGuid = {2EBD9FCB-31C0-4832-9FE2-198148AA5EAF}
	EndGlobalSection
EndGlobal
